
Microsoft Visual Studio Solution File, Format Version 12.00
# Visual Studio 2012
Project("{FAE04EC0-301F-11D3-BF4B-00C04F79EFBC}") = "Assignment 01", "Assignment 01\Assignment 01.csproj", "{7E7E629E-2C6F-4A0B-A4CA-53C4423BB356}"
EndProject
Global
	GlobalSection(SolutionConfigurationPlatforms) = preSolution
		Debug|Any CPU = Debug|Any CPU
		Release|Any CPU = Release|Any CPU
	EndGlobalSection
	GlobalSection(ProjectConfigurationPlatforms) = postSolution
		{7E7E629E-2C6F-4A0B-A4CA-53C4423BB356}.Debug|Any CPU.ActiveCfg = Debug|Any CPU
		{7E7E629E-2C6F-4A0B-A4CA-53C4423BB356}.Debug|Any CPU.Build.0 = Debug|Any CPU
		{7E7E629E-2C6F-4A0B-A4CA-53C4423BB356}.Release|Any CPU.ActiveCfg = Release|Any CPU
		{7E7E629E-2C6F-4A0B-A4CA-53C4423BB356}.Release|Any CPU.Build.0 = Release|Any CPU
	EndGlobalSection
	GlobalSection(SolutionProperties) = preSolution
		HideSolutionNode = FALSE
	EndGlobalSection
EndGlobal
